<?xml version="1.0" encoding="utf-8"?>
<Project ToolsVersion="4.0" xmlns="http://schemas.microsoft.com/developer/msbuild/2003">
  <ItemGroup>
    <Filter Include="Omega">
      <UniqueIdentifier>{8E10D20D-FA24-FABE-C3A6-9D1E2F7AF6EF}</UniqueIdentifier>
    </Filter>
  </ItemGroup>
  <ItemGroup>
    <ClInclude Include="src\Omega.h" />
    <ClInclude Include="src\Omega\Application.h">
      <Filter>Omega</Filter>
    </ClInclude>
    <ClInclude Include="src\Omega\Core.h">
      <Filter>Omega</Filter>
    </ClInclude>
    <ClInclude Include="src\Omega\EntryPoint.h">
      <Filter>Omega</Filter>
    </ClInclude>
    <ClInclude Include="src\Omega\Log.h">
      <Filter>Omega</Filter>
    </ClInclude>
  </ItemGroup>
  <ItemGroup>
    <ClCompile Include="src\Omega\Application.cpp">
      <Filter>Omega</Filter>
    </ClCompile>
    <ClCompile Include="src\Omega\Log.cpp">
      <Filter>Omega</Filter>
    </ClCompile>
  </ItemGroup>
</Project>